
Microsoft Visual Studio Solution File, Format Version 11.00
# Visual Studio 2010
Project("{8BC9CEB8-8B4A-11D0-8D11-00A0C91BC942}") = "maptext", "maptext\maptext.vcxproj", "{9FCB8E80-E7BB-47D3-96FC-BA5D85468765}"
EndProject
Global
	GlobalSection(SolutionConfigurationPlatforms) = preSolution
		Debug|Win32 = Debug|Win32
		Release|Win32 = Release|Win32
	EndGlobalSection
	GlobalSection(ProjectConfigurationPlatforms) = postSolution
		{9FCB8E80-E7BB-47D3-96FC-BA5D85468765}.Debug|Win32.ActiveCfg = Debug|Win32
		{9FCB8E80-E7BB-47D3-96FC-BA5D85468765}.Debug|Win32.Build.0 = Debug|Win32
		{9FCB8E80-E7BB-47D3-96FC-BA5D85468765}.Release|Win32.ActiveCfg = Release|Win32
		{9FCB8E80-E7BB-47D3-96FC-BA5D85468765}.Release|Win32.Build.0 = Release|Win32
	EndGlobalSection
	GlobalSection(SolutionProperties) = preSolution
		HideSolutionNode = FALSE
	EndGlobalSection
EndGlobal
