
Microsoft Visual Studio Solution File, Format Version 11.00
# Visual Studio 2010
Project("{8BC9CEB8-8B4A-11D0-8D11-00A0C91BC942}") = "Member_Template_Funtion_cout", "Member_Template_Funtion_cout\Member_Template_Funtion_cout.vcxproj", "{9115A959-78C5-4AE7-BA3E-A99AB606B67E}"
EndProject
Global
	GlobalSection(SolutionConfigurationPlatforms) = preSolution
		Debug|Win32 = Debug|Win32
		Release|Win32 = Release|Win32
	EndGlobalSection
	GlobalSection(ProjectConfigurationPlatforms) = postSolution
		{9115A959-78C5-4AE7-BA3E-A99AB606B67E}.Debug|Win32.ActiveCfg = Debug|Win32
		{9115A959-78C5-4AE7-BA3E-A99AB606B67E}.Debug|Win32.Build.0 = Debug|Win32
		{9115A959-78C5-4AE7-BA3E-A99AB606B67E}.Release|Win32.ActiveCfg = Release|Win32
		{9115A959-78C5-4AE7-BA3E-A99AB606B67E}.Release|Win32.Build.0 = Release|Win32
	EndGlobalSection
	GlobalSection(SolutionProperties) = preSolution
		HideSolutionNode = FALSE
	EndGlobalSection
EndGlobal
