
Microsoft Visual Studio Solution File, Format Version 11.00
# Visual Studio 2010
Project("{8BC9CEB8-8B4A-11D0-8D11-00A0C91BC942}") = "InputandOutput", "InputandOutput\InputandOutput.vcxproj", "{82817797-091B-41EC-8A71-DC2D8B665981}"
EndProject
Global
	GlobalSection(SolutionConfigurationPlatforms) = preSolution
		Debug|Win32 = Debug|Win32
		Release|Win32 = Release|Win32
	EndGlobalSection
	GlobalSection(ProjectConfigurationPlatforms) = postSolution
		{82817797-091B-41EC-8A71-DC2D8B665981}.Debug|Win32.ActiveCfg = Debug|Win32
		{82817797-091B-41EC-8A71-DC2D8B665981}.Debug|Win32.Build.0 = Debug|Win32
		{82817797-091B-41EC-8A71-DC2D8B665981}.Release|Win32.ActiveCfg = Release|Win32
		{82817797-091B-41EC-8A71-DC2D8B665981}.Release|Win32.Build.0 = Release|Win32
	EndGlobalSection
	GlobalSection(SolutionProperties) = preSolution
		HideSolutionNode = FALSE
	EndGlobalSection
EndGlobal
