
Microsoft Visual Studio Solution File, Format Version 11.00
# Visual Studio 2010
Project("{8BC9CEB8-8B4A-11D0-8D11-00A0C91BC942}") = "Object-Oriented programming", "Object-Oriented programming\Object-Oriented programming.vcxproj", "{CAFBA403-F96B-4518-AD56-CCE6E501D874}"
EndProject
Global
	GlobalSection(SolutionConfigurationPlatforms) = preSolution
		Debug|Win32 = Debug|Win32
		Release|Win32 = Release|Win32
	EndGlobalSection
	GlobalSection(ProjectConfigurationPlatforms) = postSolution
		{CAFBA403-F96B-4518-AD56-CCE6E501D874}.Debug|Win32.ActiveCfg = Debug|Win32
		{CAFBA403-F96B-4518-AD56-CCE6E501D874}.Debug|Win32.Build.0 = Debug|Win32
		{CAFBA403-F96B-4518-AD56-CCE6E501D874}.Release|Win32.ActiveCfg = Release|Win32
		{CAFBA403-F96B-4518-AD56-CCE6E501D874}.Release|Win32.Build.0 = Release|Win32
	EndGlobalSection
	GlobalSection(SolutionProperties) = preSolution
		HideSolutionNode = FALSE
	EndGlobalSection
EndGlobal
