
Microsoft Visual Studio Solution File, Format Version 11.00
# Visual Studio 2010
Project("{8BC9CEB8-8B4A-11D0-8D11-00A0C91BC942}") = "IOIterator", "IOIterator\IOIterator.vcxproj", "{8ECFD9AD-8504-4258-80D4-0E88E7E2B275}"
EndProject
Global
	GlobalSection(SolutionConfigurationPlatforms) = preSolution
		Debug|Win32 = Debug|Win32
		Release|Win32 = Release|Win32
	EndGlobalSection
	GlobalSection(ProjectConfigurationPlatforms) = postSolution
		{8ECFD9AD-8504-4258-80D4-0E88E7E2B275}.Debug|Win32.ActiveCfg = Debug|Win32
		{8ECFD9AD-8504-4258-80D4-0E88E7E2B275}.Debug|Win32.Build.0 = Debug|Win32
		{8ECFD9AD-8504-4258-80D4-0E88E7E2B275}.Release|Win32.ActiveCfg = Release|Win32
		{8ECFD9AD-8504-4258-80D4-0E88E7E2B275}.Release|Win32.Build.0 = Release|Win32
	EndGlobalSection
	GlobalSection(SolutionProperties) = preSolution
		HideSolutionNode = FALSE
	EndGlobalSection
EndGlobal
